// !$*UTF8*$!
{
	archiveVersion = 1;
	classes = {
	};
	objectVersion = 46;
	objects = {

/* Begin PBXBuildFile section */
		AC95EEDF69E4A7833FC5E5BB /* Pods_Plan_Your_Travel.framework in Frameworks */ = {isa = PBXBuildFile; fileRef = 9F87C12332DD5201A02DF932 /* Pods_Plan_Your_Travel.framework */; };
		B82BE85F1C04470800909DD3 /* CoreLocation.framework in Frameworks */ = {isa = PBXBuildFile; fileRef = B82BE85E1C04470800909DD3 /* CoreLocation.framework */; };
		B82BE8631C04496F00909DD3 /* MapViewController.swift in Sources */ = {isa = PBXBuildFile; fileRef = B82BE8621C04496F00909DD3 /* MapViewController.swift */; };
		B8558BA01C06A946009E776A /* Plan-Your-Travel-Bridging-Header.m in Sources */ = {isa = PBXBuildFile; fileRef = B8558B9F1C06A946009E776A /* Plan-Your-Travel-Bridging-Header.m */; };
		B8558BA21C06F090009E776A /* SwiftyJSON.framework in Frameworks */ = {isa = PBXBuildFile; fileRef = B8558BA11C06F090009E776A /* SwiftyJSON.framework */; };
		B8C1E43F1BF47A3C00999AA9 /* AppDelegate.swift in Sources */ = {isa = PBXBuildFile; fileRef = B8C1E43E1BF47A3C00999AA9 /* AppDelegate.swift */; };
		B8C1E4411BF47A3C00999AA9 /* ViewController.swift in Sources */ = {isa = PBXBuildFile; fileRef = B8C1E4401BF47A3C00999AA9 /* ViewController.swift */; };
		B8C1E4441BF47A3C00999AA9 /* Main.storyboard in Resources */ = {isa = PBXBuildFile; fileRef = B8C1E4421BF47A3C00999AA9 /* Main.storyboard */; };
		B8C1E4461BF47A3C00999AA9 /* Assets.xcassets in Resources */ = {isa = PBXBuildFile; fileRef = B8C1E4451BF47A3C00999AA9 /* Assets.xcassets */; };
		B8C1E4491BF47A3C00999AA9 /* LaunchScreen.storyboard in Resources */ = {isa = PBXBuildFile; fileRef = B8C1E4471BF47A3C00999AA9 /* LaunchScreen.storyboard */; };
		B8C1E4541BF47A3C00999AA9 /* Plan_Your_TravelTests.swift in Sources */ = {isa = PBXBuildFile; fileRef = B8C1E4531BF47A3C00999AA9 /* Plan_Your_TravelTests.swift */; };
		B8C1E45F1BF47A3C00999AA9 /* Plan_Your_TravelUITests.swift in Sources */ = {isa = PBXBuildFile; fileRef = B8C1E45E1BF47A3C00999AA9 /* Plan_Your_TravelUITests.swift */; };
		B8C755FB1C0992740086E4E6 /* train PYT bg.PNG in Resources */ = {isa = PBXBuildFile; fileRef = B8C755FA1C0992740086E4E6 /* train PYT bg.PNG */; };
		B8C755FD1C0994EA0086E4E6 /* RouteViewController.swift in Sources */ = {isa = PBXBuildFile; fileRef = B8C755FC1C0994EA0086E4E6 /* RouteViewController.swift */; };
/* End PBXBuildFile section */

/* Begin PBXContainerItemProxy section */
		B8C1E4501BF47A3C00999AA9 /* PBXContainerItemProxy */ = {
			isa = PBXContainerItemProxy;
			containerPortal = B8C1E4331BF47A3C00999AA9 /* Project object */;
			proxyType = 1;
			remoteGlobalIDString = B8C1E43A1BF47A3C00999AA9;
			remoteInfo = "Plan-Your-Travel";
		};
		B8C1E45B1BF47A3C00999AA9 /* PBXContainerItemProxy */ = {
			isa = PBXContainerItemProxy;
			containerPortal = B8C1E4331BF47A3C00999AA9 /* Project object */;
			proxyType = 1;
			remoteGlobalIDString = B8C1E43A1BF47A3C00999AA9;
			remoteInfo = "Plan-Your-Travel";
		};
/* End PBXContainerItemProxy section */

/* Begin PBXFileReference section */
		76779E8497E847C86DB06281 /* Pods-Plan-Your-Travel.release.xcconfig */ = {isa = PBXFileReference; includeInIndex = 1; lastKnownFileType = text.xcconfig; name = "Pods-Plan-Your-Travel.release.xcconfig"; path = "Pods/Target Support Files/Pods-Plan-Your-Travel/Pods-Plan-Your-Travel.release.xcconfig"; sourceTree = "<group>"; };
		9F87C12332DD5201A02DF932 /* Pods_Plan_Your_Travel.framework */ = {isa = PBXFileReference; explicitFileType = wrapper.framework; includeInIndex = 0; path = Pods_Plan_Your_Travel.framework; sourceTree = BUILT_PRODUCTS_DIR; };
		B82BE85E1C04470800909DD3 /* CoreLocation.framework */ = {isa = PBXFileReference; lastKnownFileType = wrapper.framework; name = CoreLocation.framework; path = System/Library/Frameworks/CoreLocation.framework; sourceTree = SDKROOT; };
		B82BE8601C04471000909DD3 /* MapKit.framework */ = {isa = PBXFileReference; lastKnownFileType = wrapper.framework; name = MapKit.framework; path = System/Library/Frameworks/MapKit.framework; sourceTree = SDKROOT; };
		B82BE8621C04496F00909DD3 /* MapViewController.swift */ = {isa = PBXFileReference; fileEncoding = 4; lastKnownFileType = sourcecode.swift; path = MapViewController.swift; sourceTree = "<group>"; };
		B8558B9E1C06A945009E776A /* Plan-Your-Travel-Bridging-Header.h */ = {isa = PBXFileReference; lastKnownFileType = sourcecode.c.h; path = "Plan-Your-Travel-Bridging-Header.h"; sourceTree = "<group>"; };
		B8558B9F1C06A946009E776A /* Plan-Your-Travel-Bridging-Header.m */ = {isa = PBXFileReference; fileEncoding = 4; lastKnownFileType = sourcecode.c.objc; path = "Plan-Your-Travel-Bridging-Header.m"; sourceTree = "<group>"; };
		B8558BA11C06F090009E776A /* SwiftyJSON.framework */ = {isa = PBXFileReference; lastKnownFileType = wrapper.framework; name = SwiftyJSON.framework; path = "Pods/../build/Debug-iphoneos/SwiftyJSON.framework"; sourceTree = "<group>"; };
		B8C1E43B1BF47A3C00999AA9 /* Plan-Your-Travel.app */ = {isa = PBXFileReference; explicitFileType = wrapper.application; includeInIndex = 0; path = "Plan-Your-Travel.app"; sourceTree = BUILT_PRODUCTS_DIR; };
		B8C1E43E1BF47A3C00999AA9 /* AppDelegate.swift */ = {isa = PBXFileReference; lastKnownFileType = sourcecode.swift; path = AppDelegate.swift; sourceTree = "<group>"; };
		B8C1E4401BF47A3C00999AA9 /* ViewController.swift */ = {isa = PBXFileReference; lastKnownFileType = sourcecode.swift; path = ViewController.swift; sourceTree = "<group>"; };
		B8C1E4431BF47A3C00999AA9 /* Base */ = {isa = PBXFileReference; lastKnownFileType = file.storyboard; name = Base; path = Base.lproj/Main.storyboard; sourceTree = "<group>"; };
		B8C1E4451BF47A3C00999AA9 /* Assets.xcassets */ = {isa = PBXFileReference; lastKnownFileType = folder.assetcatalog; path = Assets.xcassets; sourceTree = "<group>"; };
		B8C1E4481BF47A3C00999AA9 /* Base */ = {isa = PBXFileReference; lastKnownFileType = file.storyboard; name = Base; path = Base.lproj/LaunchScreen.storyboard; sourceTree = "<group>"; };
		B8C1E44A1BF47A3C00999AA9 /* Info.plist */ = {isa = PBXFileReference; lastKnownFileType = text.plist.xml; path = Info.plist; sourceTree = "<group>"; };
		B8C1E44F1BF47A3C00999AA9 /* Plan-Your-TravelTests.xctest */ = {isa = PBXFileReference; explicitFileType = wrapper.cfbundle; includeInIndex = 0; path = "Plan-Your-TravelTests.xctest"; sourceTree = BUILT_PRODUCTS_DIR; };
		B8C1E4531BF47A3C00999AA9 /* Plan_Your_TravelTests.swift */ = {isa = PBXFileReference; lastKnownFileType = sourcecode.swift; path = Plan_Your_TravelTests.swift; sourceTree = "<group>"; };
		B8C1E4551BF47A3C00999AA9 /* Info.plist */ = {isa = PBXFileReference; lastKnownFileType = text.plist.xml; path = Info.plist; sourceTree = "<group>"; };
		B8C1E45A1BF47A3C00999AA9 /* Plan-Your-TravelUITests.xctest */ = {isa = PBXFileReference; explicitFileType = wrapper.cfbundle; includeInIndex = 0; path = "Plan-Your-TravelUITests.xctest"; sourceTree = BUILT_PRODUCTS_DIR; };
		B8C1E45E1BF47A3C00999AA9 /* Plan_Your_TravelUITests.swift */ = {isa = PBXFileReference; lastKnownFileType = sourcecode.swift; path = Plan_Your_TravelUITests.swift; sourceTree = "<group>"; };
		B8C1E4601BF47A3C00999AA9 /* Info.plist */ = {isa = PBXFileReference; lastKnownFileType = text.plist.xml; path = Info.plist; sourceTree = "<group>"; };
		B8C755FA1C0992740086E4E6 /* train PYT bg.PNG */ = {isa = PBXFileReference; lastKnownFileType = image.png; path = "train PYT bg.PNG"; sourceTree = "<group>"; };
		B8C755FC1C0994EA0086E4E6 /* RouteViewController.swift */ = {isa = PBXFileReference; fileEncoding = 4; lastKnownFileType = sourcecode.swift; path = RouteViewController.swift; sourceTree = "<group>"; };
		CD03061BDFEECCC73D2186E0 /* Pods-Plan-Your-Travel.debug.xcconfig */ = {isa = PBXFileReference; includeInIndex = 1; lastKnownFileType = text.xcconfig; name = "Pods-Plan-Your-Travel.debug.xcconfig"; path = "Pods/Target Support Files/Pods-Plan-Your-Travel/Pods-Plan-Your-Travel.debug.xcconfig"; sourceTree = "<group>"; };
/* End PBXFileReference section */

/* Begin PBXFrameworksBuildPhase section */
		B8C1E4381BF47A3C00999AA9 /* Frameworks */ = {
			isa = PBXFrameworksBuildPhase;
			buildActionMask = 2147483647;
			files = (
				B8558BA21C06F090009E776A /* SwiftyJSON.framework in Frameworks */,
				B82BE85F1C04470800909DD3 /* CoreLocation.framework in Frameworks */,
				AC95EEDF69E4A7833FC5E5BB /* Pods_Plan_Your_Travel.framework in Frameworks */,
			);
			runOnlyForDeploymentPostprocessing = 0;
		};
		B8C1E44C1BF47A3C00999AA9 /* Frameworks */ = {
			isa = PBXFrameworksBuildPhase;
			buildActionMask = 2147483647;
			files = (
			);
			runOnlyForDeploymentPostprocessing = 0;
		};
		B8C1E4571BF47A3C00999AA9 /* Frameworks */ = {
			isa = PBXFrameworksBuildPhase;
			buildActionMask = 2147483647;
			files = (
			);
			runOnlyForDeploymentPostprocessing = 0;
		};
/* End PBXFrameworksBuildPhase section */

/* Begin PBXGroup section */
		20DA34D5A196E0F11600EAC3 /* Frameworks */ = {
			isa = PBXGroup;
			children = (
				B8558BA11C06F090009E776A /* SwiftyJSON.framework */,
				9F87C12332DD5201A02DF932 /* Pods_Plan_Your_Travel.framework */,
			);
			name = Frameworks;
			sourceTree = "<group>";
		};
		6ABB9782C822C3988E0EC9DE /* Pods */ = {
			isa = PBXGroup;
			children = (
				CD03061BDFEECCC73D2186E0 /* Pods-Plan-Your-Travel.debug.xcconfig */,
				76779E8497E847C86DB06281 /* Pods-Plan-Your-Travel.release.xcconfig */,
			);
			name = Pods;
			sourceTree = "<group>";
		};
		B8C1E4321BF47A3C00999AA9 = {
			isa = PBXGroup;
			children = (
				B82BE8601C04471000909DD3 /* MapKit.framework */,
				B82BE85E1C04470800909DD3 /* CoreLocation.framework */,
				B8C1E43D1BF47A3C00999AA9 /* Plan-Your-Travel */,
				B8C1E4521BF47A3C00999AA9 /* Plan-Your-TravelTests */,
				B8C1E45D1BF47A3C00999AA9 /* Plan-Your-TravelUITests */,
				B8C1E43C1BF47A3C00999AA9 /* Products */,
				6ABB9782C822C3988E0EC9DE /* Pods */,
				20DA34D5A196E0F11600EAC3 /* Frameworks */,
			);
			sourceTree = "<group>";
		};
		B8C1E43C1BF47A3C00999AA9 /* Products */ = {
			isa = PBXGroup;
			children = (
				B8C1E43B1BF47A3C00999AA9 /* Plan-Your-Travel.app */,
				B8C1E44F1BF47A3C00999AA9 /* Plan-Your-TravelTests.xctest */,
				B8C1E45A1BF47A3C00999AA9 /* Plan-Your-TravelUITests.xctest */,
			);
			name = Products;
			sourceTree = "<group>";
		};
		B8C1E43D1BF47A3C00999AA9 /* Plan-Your-Travel */ = {
			isa = PBXGroup;
			children = (
				B8C1E43E1BF47A3C00999AA9 /* AppDelegate.swift */,
				B8C1E4401BF47A3C00999AA9 /* ViewController.swift */,
				B8C1E4421BF47A3C00999AA9 /* Main.storyboard */,
				B8C1E4451BF47A3C00999AA9 /* Assets.xcassets */,
				B8C755FA1C0992740086E4E6 /* train PYT bg.PNG */,
				B8C1E4471BF47A3C00999AA9 /* LaunchScreen.storyboard */,
				B8C1E44A1BF47A3C00999AA9 /* Info.plist */,
				B82BE8621C04496F00909DD3 /* MapViewController.swift */,
				B8558B9F1C06A946009E776A /* Plan-Your-Travel-Bridging-Header.m */,
				B8558B9E1C06A945009E776A /* Plan-Your-Travel-Bridging-Header.h */,
				B8C755FC1C0994EA0086E4E6 /* RouteViewController.swift */,
			);
			path = "Plan-Your-Travel";
			sourceTree = "<group>";
		};
		B8C1E4521BF47A3C00999AA9 /* Plan-Your-TravelTests */ = {
			isa = PBXGroup;
			children = (
				B8C1E4531BF47A3C00999AA9 /* Plan_Your_TravelTests.swift */,
				B8C1E4551BF47A3C00999AA9 /* Info.plist */,
			);
			path = "Plan-Your-TravelTests";
			sourceTree = "<group>";
		};
		B8C1E45D1BF47A3C00999AA9 /* Plan-Your-TravelUITests */ = {
			isa = PBXGroup;
			children = (
				B8C1E45E1BF47A3C00999AA9 /* Plan_Your_TravelUITests.swift */,
				B8C1E4601BF47A3C00999AA9 /* Info.plist */,
			);
			path = "Plan-Your-TravelUITests";
			sourceTree = "<group>";
		};
/* End PBXGroup section */

/* Begin PBXNativeTarget section */
		B8C1E43A1BF47A3C00999AA9 /* Plan-Your-Travel */ = {
			isa = PBXNativeTarget;
			buildConfigurationList = B8C1E4631BF47A3C00999AA9 /* Build configuration list for PBXNativeTarget "Plan-Your-Travel" */;
			buildPhases = (
				1711E7B0FFA583B67E00D66D /* Check Pods Manifest.lock */,
				B8C1E4371BF47A3C00999AA9 /* Sources */,
				B8C1E4381BF47A3C00999AA9 /* Frameworks */,
				B8C1E4391BF47A3C00999AA9 /* Resources */,
				770770E3320264D207F23E07 /* Embed Pods Frameworks */,
				E869271625738B3344759C7B /* Copy Pods Resources */,
			);
			buildRules = (
			);
			dependencies = (
			);
			name = "Plan-Your-Travel";
			productName = "Plan-Your-Travel";
			productReference = B8C1E43B1BF47A3C00999AA9 /* Plan-Your-Travel.app */;
			productType = "com.apple.product-type.application";
		};
		B8C1E44E1BF47A3C00999AA9 /* Plan-Your-TravelTests */ = {
			isa = PBXNativeTarget;
			buildConfigurationList = B8C1E4661BF47A3C00999AA9 /* Build configuration list for PBXNativeTarget "Plan-Your-TravelTests" */;
			buildPhases = (
				B8C1E44B1BF47A3C00999AA9 /* Sources */,
				B8C1E44C1BF47A3C00999AA9 /* Frameworks */,
				B8C1E44D1BF47A3C00999AA9 /* Resources */,
			);
			buildRules = (
			);
			dependencies = (
				B8C1E4511BF47A3C00999AA9 /* PBXTargetDependency */,
			);
			name = "Plan-Your-TravelTests";
			productName = "Plan-Your-TravelTests";
			productReference = B8C1E44F1BF47A3C00999AA9 /* Plan-Your-TravelTests.xctest */;
			productType = "com.apple.product-type.bundle.unit-test";
		};
		B8C1E4591BF47A3C00999AA9 /* Plan-Your-TravelUITests */ = {
			isa = PBXNativeTarget;
			buildConfigurationList = B8C1E4691BF47A3C00999AA9 /* Build configuration list for PBXNativeTarget "Plan-Your-TravelUITests" */;
			buildPhases = (
				B8C1E4561BF47A3C00999AA9 /* Sources */,
				B8C1E4571BF47A3C00999AA9 /* Frameworks */,
				B8C1E4581BF47A3C00999AA9 /* Resources */,
			);
			buildRules = (
			);
			dependencies = (
				B8C1E45C1BF47A3C00999AA9 /* PBXTargetDependency */,
			);
			name = "Plan-Your-TravelUITests";
			productName = "Plan-Your-TravelUITests";
			productReference = B8C1E45A1BF47A3C00999AA9 /* Plan-Your-TravelUITests.xctest */;
			productType = "com.apple.product-type.bundle.ui-testing";
		};
/* End PBXNativeTarget section */

/* Begin PBXProject section */
		B8C1E4331BF47A3C00999AA9 /* Project object */ = {
			isa = PBXProject;
			attributes = {
				LastSwiftUpdateCheck = 0710;
				LastUpgradeCheck = 0710;
				ORGANIZATIONNAME = Sathish;
				TargetAttributes = {
					B8C1E43A1BF47A3C00999AA9 = {
						CreatedOnToolsVersion = 7.1.1;
						DevelopmentTeam = HA8EJ7UW84;
					};
					B8C1E44E1BF47A3C00999AA9 = {
						CreatedOnToolsVersion = 7.1.1;
						TestTargetID = B8C1E43A1BF47A3C00999AA9;
					};
					B8C1E4591BF47A3C00999AA9 = {
						CreatedOnToolsVersion = 7.1.1;
						TestTargetID = B8C1E43A1BF47A3C00999AA9;
					};
				};
			};
			buildConfigurationList = B8C1E4361BF47A3C00999AA9 /* Build configuration list for PBXProject "Plan-Your-Travel" */;
			compatibilityVersion = "Xcode 3.2";
			developmentRegion = English;
			hasScannedForEncodings = 0;
			knownRegions = (
				en,
				Base,
			);
			mainGroup = B8C1E4321BF47A3C00999AA9;
			productRefGroup = B8C1E43C1BF47A3C00999AA9 /* Products */;
			projectDirPath = "";
			projectRoot = "";
			targets = (
				B8C1E43A1BF47A3C00999AA9 /* Plan-Your-Travel */,
				B8C1E44E1BF47A3C00999AA9 /* Plan-Your-TravelTests */,
				B8C1E4591BF47A3C00999AA9 /* Plan-Your-TravelUITests */,
			);
		};
/* End PBXProject section */

/* Begin PBXResourcesBuildPhase section */
		B8C1E4391BF47A3C00999AA9 /* Resources */ = {
			isa = PBXResourcesBuildPhase;
			buildActionMask = 2147483647;
			files = (
				B8C1E4491BF47A3C00999AA9 /* LaunchScreen.storyboard in Resources */,
				B8C1E4461BF47A3C00999AA9 /* Assets.xcassets in Resources */,
				B8C1E4441BF47A3C00999AA9 /* Main.storyboard in Resources */,
				B8C755FB1C0992740086E4E6 /* train PYT bg.PNG in Resources */,
			);
			runOnlyForDeploymentPostprocessing = 0;
		};
		B8C1E44D1BF47A3C00999AA9 /* Resources */ = {
			isa = PBXResourcesBuildPhase;
			buildActionMask = 2147483647;
			files = (
			);
			runOnlyForDeploymentPostprocessing = 0;
		};
		B8C1E4581BF47A3C00999AA9 /* Resources */ = {
			isa = PBXResourcesBuildPhase;
			buildActionMask = 2147483647;
			files = (
			);
			runOnlyForDeploymentPostprocessing = 0;
		};
/* End PBXResourcesBuildPhase section */

/* Begin PBXShellScriptBuildPhase section */
		1711E7B0FFA583B67E00D66D /* Check Pods Manifest.lock */ = {
			isa = PBXShellScriptBuildPhase;
			buildActionMask = 2147483647;
			files = (
			);
			inputPaths = (
			);
			name = "Check Pods Manifest.lock";
			outputPaths = (
			);
			runOnlyForDeploymentPostprocessing = 0;
			shellPath = /bin/sh;
			shellScript = "diff \"${PODS_ROOT}/../Podfile.lock\" \"${PODS_ROOT}/Manifest.lock\" > /dev/null\nif [[ $? != 0 ]] ; then\n    cat << EOM\nerror: The sandbox is not in sync with the Podfile.lock. Run 'pod install' or update your CocoaPods installation.\nEOM\n    exit 1\nfi\n";
			showEnvVarsInLog = 0;
		};
		770770E3320264D207F23E07 /* Embed Pods Frameworks */ = {
			isa = PBXShellScriptBuildPhase;
			buildActionMask = 2147483647;
			files = (
			);
			inputPaths = (
			);
			name = "Embed Pods Frameworks";
			outputPaths = (
			);
			runOnlyForDeploymentPostprocessing = 0;
			shellPath = /bin/sh;
			shellScript = "\"${SRCROOT}/Pods/Target Support Files/Pods-Plan-Your-Travel/Pods-Plan-Your-Travel-frameworks.sh\"\n";
			showEnvVarsInLog = 0;
		};
		E869271625738B3344759C7B /* Copy Pods Resources */ = {
			isa = PBXShellScriptBuildPhase;
			buildActionMask = 2147483647;
			files = (
			);
			inputPaths = (
			);
			name = "Copy Pods Resources";
			outputPaths = (
			);
			runOnlyForDeploymentPostprocessing = 0;
			shellPath = /bin/sh;
			shellScript = "\"${SRCROOT}/Pods/Target Support Files/Pods-Plan-Your-Travel/Pods-Plan-Your-Travel-resources.sh\"\n";
			showEnvVarsInLog = 0;
		};
/* End PBXShellScriptBuildPhase section */

/* Begin PBXSourcesBuildPhase section */
		B8C1E4371BF47A3C00999AA9 /* Sources */ = {
			isa = PBXSourcesBuildPhase;
			buildActionMask = 2147483647;
			files = (
				B8558BA01C06A946009E776A /* Plan-Your-Travel-Bridging-Header.m in Sources */,
				B8C1E4411BF47A3C00999AA9 /* ViewController.swift in Sources */,
				B82BE8631C04496F00909DD3 /* MapViewController.swift in Sources */,
				B8C755FD1C0994EA0086E4E6 /* RouteViewController.swift in Sources */,
				B8C1E43F1BF47A3C00999AA9 /* AppDelegate.swift in Sources */,
			);
			runOnlyForDeploymentPostprocessing = 0;
		};
		B8C1E44B1BF47A3C00999AA9 /* Sources */ = {
			isa = PBXSourcesBuildPhase;
			buildActionMask = 2147483647;
			files = (
				B8C1E4541BF47A3C00999AA9 /* Plan_Your_TravelTests.swift in Sources */,
			);
			runOnlyForDeploymentPostprocessing = 0;
		};
		B8C1E4561BF47A3C00999AA9 /* Sources */ = {
			isa = PBXSourcesBuildPhase;
			buildActionMask = 2147483647;
			files = (
				B8C1E45F1BF47A3C00999AA9 /* Plan_Your_TravelUITests.swift in Sources */,
			);
			runOnlyForDeploymentPostprocessing = 0;
		};
/* End PBXSourcesBuildPhase section */

/* Begin PBXTargetDependency section */
		B8C1E4511BF47A3C00999AA9 /* PBXTargetDependency */ = {
			isa = PBXTargetDependency;
			target = B8C1E43A1BF47A3C00999AA9 /* Plan-Your-Travel */;
			targetProxy = B8C1E4501BF47A3C00999AA9 /* PBXContainerItemProxy */;
		};
		B8C1E45C1BF47A3C00999AA9 /* PBXTargetDependency */ = {
			isa = PBXTargetDependency;
			target = B8C1E43A1BF47A3C00999AA9 /* Plan-Your-Travel */;
			targetProxy = B8C1E45B1BF47A3C00999AA9 /* PBXContainerItemProxy */;
		};
/* End PBXTargetDependency section */

/* Begin PBXVariantGroup section */
		B8C1E4421BF47A3C00999AA9 /* Main.storyboard */ = {
			isa = PBXVariantGroup;
			children = (
				B8C1E4431BF47A3C00999AA9 /* Base */,
			);
			name = Main.storyboard;
			sourceTree = "<group>";
		};
		B8C1E4471BF47A3C00999AA9 /* LaunchScreen.storyboard */ = {
			isa = PBXVariantGroup;
			children = (
				B8C1E4481BF47A3C00999AA9 /* Base */,
			);
			name = LaunchScreen.storyboard;
			sourceTree = "<group>";
		};
/* End PBXVariantGroup section */

/* Begin XCBuildConfiguration section */
		B8C1E4611BF47A3C00999AA9 /* Debug */ = {
			isa = XCBuildConfiguration;
			buildSettings = {
				ALWAYS_SEARCH_USER_PATHS = NO;
				CLANG_CXX_LANGUAGE_STANDARD = "gnu++0x";
				CLANG_CXX_LIBRARY = "libc++";
				CLANG_ENABLE_MODULES = YES;
				CLANG_ENABLE_OBJC_ARC = YES;
				CLANG_WARN_BOOL_CONVERSION = YES;
				CLANG_WARN_CONSTANT_CONVERSION = YES;
				CLANG_WARN_DIRECT_OBJC_ISA_USAGE = YES_ERROR;
				CLANG_WARN_EMPTY_BODY = YES;
				CLANG_WARN_ENUM_CONVERSION = YES;
				CLANG_WARN_INT_CONVERSION = YES;
				CLANG_WARN_OBJC_ROOT_CLASS = YES_ERROR;
				CLANG_WARN_UNREACHABLE_CODE = YES;
				CLANG_WARN__DUPLICATE_METHOD_MATCH = YES;
				"CODE_SIGN_IDENTITY[sdk=iphoneos*]" = "iPhone Developer";
				COPY_PHASE_STRIP = NO;
				DEBUG_INFORMATION_FORMAT = dwarf;
				ENABLE_STRICT_OBJC_MSGSEND = YES;
				ENABLE_TESTABILITY = YES;
				GCC_C_LANGUAGE_STANDARD = gnu99;
				GCC_DYNAMIC_NO_PIC = NO;
				GCC_NO_COMMON_BLOCKS = YES;
				GCC_OPTIMIZATION_LEVEL = 0;
				GCC_PREPROCESSOR_DEFINITIONS = (
					"DEBUG=1",
					"$(inherited)",
				);
				GCC_WARN_64_TO_32_BIT_CONVERSION = YES;
				GCC_WARN_ABOUT_RETURN_TYPE = YES_ERROR;
				GCC_WARN_UNDECLARED_SELECTOR = YES;
				GCC_WARN_UNINITIALIZED_AUTOS = YES_AGGRESSIVE;
				GCC_WARN_UNUSED_FUNCTION = YES;
				GCC_WARN_UNUSED_VARIABLE = YES;
				IPHONEOS_DEPLOYMENT_TARGET = 9.1;
				MTL_ENABLE_DEBUG_INFO = YES;
				ONLY_ACTIVE_ARCH = YES;
				SDKROOT = iphoneos;
				SWIFT_OPTIMIZATION_LEVEL = "-Onone";
			};
			name = Debug;
		};
		B8C1E4621BF47A3C00999AA9 /* Release */ = {
			isa = XCBuildConfiguration;
			buildSettings = {
				ALWAYS_SEARCH_USER_PATHS = NO;
				CLANG_CXX_LANGUAGE_STANDARD = "gnu++0x";
				CLANG_CXX_LIBRARY = "libc++";
				CLANG_ENABLE_MODULES = YES;
				CLANG_ENABLE_OBJC_ARC = YES;
				CLANG_WARN_BOOL_CONVERSION = YES;
				CLANG_WARN_CONSTANT_CONVERSION = YES;
				CLANG_WARN_DIRECT_OBJC_ISA_USAGE = YES_ERROR;
				CLANG_WARN_EMPTY_BODY = YES;
				CLANG_WARN_ENUM_CONVERSION = YES;
				CLANG_WARN_INT_CONVERSION = YES;
				CLANG_WARN_OBJC_ROOT_CLASS = YES_ERROR;
				CLANG_WARN_UNREACHABLE_CODE = YES;
				CLANG_WARN__DUPLICATE_METHOD_MATCH = YES;
				"CODE_SIGN_IDENTITY[sdk=iphoneos*]" = "iPhone Developer";
				COPY_PHASE_STRIP = NO;
				DEBUG_INFORMATION_FORMAT = "dwarf-with-dsym";
				ENABLE_NS_ASSERTIONS = NO;
				ENABLE_STRICT_OBJC_MSGSEND = YES;
				GCC_C_LANGUAGE_STANDARD = gnu99;
				GCC_NO_COMMON_BLOCKS = YES;
				GCC_WARN_64_TO_32_BIT_CONVERSION = YES;
				GCC_WARN_ABOUT_RETURN_TYPE = YES_ERROR;
				GCC_WARN_UNDECLARED_SELECTOR = YES;
				GCC_WARN_UNINITIALIZED_AUTOS = YES_AGGRESSIVE;
				GCC_WARN_UNUSED_FUNCTION = YES;
				GCC_WARN_UNUSED_VARIABLE = YES;
				IPHONEOS_DEPLOYMENT_TARGET = 9.1;
				MTL_ENABLE_DEBUG_INFO = NO;
				SDKROOT = iphoneos;
				VALIDATE_PRODUCT = YES;
			};
			name = Release;
		};
		B8C1E4641BF47A3C00999AA9 /* Debug */ = {
			isa = XCBuildConfiguration;
			baseConfigurationReference = CD03061BDFEECCC73D2186E0 /* Pods-Plan-Your-Travel.debug.xcconfig */;
			buildSettings = {
				ASSETCATALOG_COMPILER_APPICON_NAME = AppIcon;
				CLANG_ENABLE_MODULES = YES;
				CODE_SIGN_IDENTITY = "iPhone Developer";
				ENABLE_BITCODE = NO;
				FRAMEWORK_SEARCH_PATHS = (
					"$(inherited)",
					"$(PROJECT_DIR)/build/Debug-iphoneos",
				);
				INFOPLIST_FILE = "Plan-Your-Travel/Info.plist";
				LD_RUNPATH_SEARCH_PATHS = "$(inherited) @executable_path/Frameworks";
				PRODUCT_BUNDLE_IDENTIFIER = "sg.edu.nus.iss.wlad.Plan-Your-Travel";
				PRODUCT_NAME = "$(TARGET_NAME)";
				SWIFT_OBJC_BRIDGING_HEADER = "Plan-Your-Travel/Plan-Your-Travel-Bridging-Header.h";
				SWIFT_OPTIMIZATION_LEVEL = "-Onone";
				TARGETED_DEVICE_FAMILY = 1;
			};
			name = Debug;
		};
		B8C1E4651BF47A3C00999AA9 /* Release */ = {
			isa = XCBuildConfiguration;
			baseConfigurationReference = 76779E8497E847C86DB06281 /* Pods-Plan-Your-Travel.release.xcconfig */;
			buildSettings = {
				ASSETCATALOG_COMPILER_APPICON_NAME = AppIcon;
				CLANG_ENABLE_MODULES = YES;
				CODE_SIGN_IDENTITY = "iPhone Developer";
				ENABLE_BITCODE = NO;
				FRAMEWORK_SEARCH_PATHS = (
					"$(inherited)",
					"$(PROJECT_DIR)/build/Debug-iphoneos",
				);
				INFOPLIST_FILE = "Plan-Your-Travel/Info.plist";
				LD_RUNPATH_SEARCH_PATHS = "$(inherited) @executable_path/Frameworks";
				PRODUCT_BUNDLE_IDENTIFIER = "sg.edu.nus.iss.wlad.Plan-Your-Travel";
				PRODUCT_NAME = "$(TARGET_NAME)";
				SWIFT_OBJC_BRIDGING_HEADER = "Plan-Your-Travel/Plan-Your-Travel-Bridging-Header.h";
				TARGETED_DEVICE_FAMILY = 1;
			};
			name = Release;
		};
		B8C1E4671BF47A3C00999AA9 /* Debug */ = {
			isa = XCBuildConfiguration;
			buildSettings = {
				BUNDLE_LOADER = "$(TEST_HOST)";
				INFOPLIST_FILE = "Plan-Your-TravelTests/Info.plist";
				LD_RUNPATH_SEARCH_PATHS = "$(inherited) @executable_path/Frameworks @loader_path/Frameworks";
				PRODUCT_BUNDLE_IDENTIFIER = "sg.edu.nus.iss.wlad.Plan-Your-TravelTests";
				PRODUCT_NAME = "$(TARGET_NAME)";
				TEST_HOST = "$(BUILT_PRODUCTS_DIR)/Plan-Your-Travel.app/Plan-Your-Travel";
			};
			name = Debug;
		};
		B8C1E4681BF47A3C00999AA9 /* Release */ = {
			isa = XCBuildConfiguration;
			buildSettings = {
				BUNDLE_LOADER = "$(TEST_HOST)";
				INFOPLIST_FILE = "Plan-Your-TravelTests/Info.plist";
				LD_RUNPATH_SEARCH_PATHS = "$(inherited) @executable_path/Frameworks @loader_path/Frameworks";
				PRODUCT_BUNDLE_IDENTIFIER = "sg.edu.nus.iss.wlad.Plan-Your-TravelTests";
				PRODUCT_NAME = "$(TARGET_NAME)";
				TEST_HOST = "$(BUILT_PRODUCTS_DIR)/Plan-Your-Travel.app/Plan-Your-Travel";
			};
			name = Release;
		};
		B8C1E46A1BF47A3C00999AA9 /* Debug */ = {
			isa = XCBuildConfiguration;
			buildSettings = {
				INFOPLIST_FILE = "Plan-Your-TravelUITests/Info.plist";
				LD_RUNPATH_SEARCH_PATHS = "$(inherited) @executable_path/Frameworks @loader_path/Frameworks";
				PRODUCT_BUNDLE_IDENTIFIER = "sg.edu.nus.iss.wlad.Plan-Your-TravelUITests";
				PRODUCT_NAME = "$(TARGET_NAME)";
				TEST_TARGET_NAME = "Plan-Your-Travel";
				USES_XCTRUNNER = YES;
			};
			name = Debug;
		};
		B8C1E46B1BF47A3C00999AA9 /* Release */ = {
			isa = XCBuildConfiguration;
			buildSettings = {
				INFOPLIST_FILE = "Plan-Your-TravelUITests/Info.plist";
				LD_RUNPATH_SEARCH_PATHS = "$(inherited) @executable_path/Frameworks @loader_path/Frameworks";
				PRODUCT_BUNDLE_IDENTIFIER = "sg.edu.nus.iss.wlad.Plan-Your-TravelUITests";
				PRODUCT_NAME = "$(TARGET_NAME)";
				TEST_TARGET_NAME = "Plan-Your-Travel";
				USES_XCTRUNNER = YES;
			};
			name = Release;
		};
/* End XCBuildConfiguration section */

/* Begin XCConfigurationList section */
		B8C1E4361BF47A3C00999AA9 /* Build configuration list for PBXProject "Plan-Your-Travel" */ = {
			isa = XCConfigurationList;
			buildConfigurations = (
				B8C1E4611BF47A3C00999AA9 /* Debug */,
				B8C1E4621BF47A3C00999AA9 /* Release */,
			);
			defaultConfigurationIsVisible = 0;
			defaultConfigurationName = Release;
		};
		B8C1E4631BF47A3C00999AA9 /* Build configuration list for PBXNativeTarget "Plan-Your-Travel" */ = {
			isa = XCConfigurationList;
			buildConfigurations = (
				B8C1E4641BF47A3C00999AA9 /* Debug */,
				B8C1E4651BF47A3C00999AA9 /* Release */,
			);
			defaultConfigurationIsVisible = 0;
			defaultConfigurationName = Release;
		};
		B8C1E4661BF47A3C00999AA9 /* Build configuration list for PBXNativeTarget "Plan-Your-TravelTests" */ = {
			isa = XCConfigurationList;
			buildConfigurations = (
				B8C1E4671BF47A3C00999AA9 /* Debug */,
				B8C1E4681BF47A3C00999AA9 /* Release */,
			);
			defaultConfigurationIsVisible = 0;
			defaultConfigurationName = Release;
		};
		B8C1E4691BF47A3C00999AA9 /* Build configuration list for PBXNativeTarget "Plan-Your-TravelUITests" */ = {
			isa = XCConfigurationList;
			buildConfigurations = (
				B8C1E46A1BF47A3C00999AA9 /* Debug */,
				B8C1E46B1BF47A3C00999AA9 /* Release */,
			);
			defaultConfigurationIsVisible = 0;
			defaultConfigurationName = Release;
		};
/* End XCConfigurationList section */
	};
	rootObject = B8C1E4331BF47A3C00999AA9 /* Project object */;
}
